
Microsoft Visual Studio Solution File, Format Version 12.00
# Visual Studio Version 16
VisualStudioVersion = 16.0.31005.135
MinimumVisualStudioVersion = 10.0.40219.1
Project("{FAE04EC0-301F-11D3-BF4B-00C04F79EFBC}") = "sum_of_the_order", "sum_of_the_order\sum_of_the_order.csproj", "{B6947EAE-E6C8-4B85-BEEC-C13C553659B9}"
EndProject
Global
	GlobalSection(SolutionConfigurationPlatforms) = preSolution
		Debug|Any CPU = Debug|Any CPU
		Release|Any CPU = Release|Any CPU
	EndGlobalSection
	GlobalSection(ProjectConfigurationPlatforms) = postSolution
		{B6947EAE-E6C8-4B85-BEEC-C13C553659B9}.Debug|Any CPU.ActiveCfg = Debug|Any CPU
		{B6947EAE-E6C8-4B85-BEEC-C13C553659B9}.Debug|Any CPU.Build.0 = Debug|Any CPU
		{B6947EAE-E6C8-4B85-BEEC-C13C553659B9}.Release|Any CPU.ActiveCfg = Release|Any CPU
		{B6947EAE-E6C8-4B85-BEEC-C13C553659B9}.Release|Any CPU.Build.0 = Release|Any CPU
	EndGlobalSection
	GlobalSection(SolutionProperties) = preSolution
		HideSolutionNode = FALSE
	EndGlobalSection
	GlobalSection(ExtensibilityGlobals) = postSolution
		SolutionGuid = {5F6D049B-F12F-4054-81F7-5923C191D58A}
	EndGlobalSection
EndGlobal
